// !$*UTF8*$!
{
	archiveVersion = 1;
	classes = {
	};
	objectVersion = 50;
	objects = {

/* Begin PBXBuildFile section */
		B8DB1EC020AA3F9300C7A16A /* AppDelegate.swift in Sources */ = {isa = PBXBuildFile; fileRef = B8DB1EBF20AA3F9300C7A16A /* AppDelegate.swift */; };
		B8DB1EC220AA3F9300C7A16A /* ViewController.swift in Sources */ = {isa = PBXBuildFile; fileRef = B8DB1EC120AA3F9300C7A16A /* ViewController.swift */; };
		B8DB1EC520AA3F9300C7A16A /* Main.storyboard in Resources */ = {isa = PBXBuildFile; fileRef = B8DB1EC320AA3F9300C7A16A /* Main.storyboard */; };
		B8DB1EC720AA3F9500C7A16A /* Assets.xcassets in Resources */ = {isa = PBXBuildFile; fileRef = B8DB1EC620AA3F9500C7A16A /* Assets.xcassets */; };
		B8DB1ECA20AA3F9500C7A16A /* LaunchScreen.storyboard in Resources */ = {isa = PBXBuildFile; fileRef = B8DB1EC820AA3F9500C7A16A /* LaunchScreen.storyboard */; };
/* End PBXBuildFile section */

/* Begin PBXFileReference section */
		B8DB1EBC20AA3F9300C7A16A /* SnapchatBill.app */ = {isa = PBXFileReference; explicitFileType = wrapper.application; includeInIndex = 0; path = SnapchatBill.app; sourceTree = BUILT_PRODUCTS_DIR; };
		B8DB1EBF20AA3F9300C7A16A /* AppDelegate.swift */ = {isa = PBXFileReference; lastKnownFileType = sourcecode.swift; path = AppDelegate.swift; sourceTree = "<group>"; };
		B8DB1EC120AA3F9300C7A16A /* ViewController.swift */ = {isa = PBXFileReference; lastKnownFileType = sourcecode.swift; path = ViewController.swift; sourceTree = "<group>"; };
		B8DB1EC420AA3F9300C7A16A /* Base */ = {isa = PBXFileReference; lastKnownFileType = file.storyboard; name = Base; path = Base.lproj/Main.storyboard; sourceTree = "<group>"; };
		B8DB1EC620AA3F9500C7A16A /* Assets.xcassets */ = {isa = PBXFileReference; lastKnownFileType = folder.assetcatalog; path = Assets.xcassets; sourceTree = "<group>"; };
		B8DB1EC920AA3F9500C7A16A /* Base */ = {isa = PBXFileReference; lastKnownFileType = file.storyboard; name = Base; path = Base.lproj/LaunchScreen.storyboard; sourceTree = "<group>"; };
		B8DB1ECB20AA3F9500C7A16A /* Info.plist */ = {isa = PBXFileReference; lastKnownFileType = text.plist.xml; path = Info.plist; sourceTree = "<group>"; };
/* End PBXFileReference section */

/* Begin PBXFrameworksBuildPhase section */
		B8DB1EB920AA3F9300C7A16A /* Frameworks */ = {
			isa = PBXFrameworksBuildPhase;
			buildActionMask = 2147483647;
			files = (
			);
			runOnlyForDeploymentPostprocessing = 0;
		};
/* End PBXFrameworksBuildPhase section */

/* Begin PBXGroup section */
		B8DB1EB320AA3F9300C7A16A = {
			isa = PBXGroup;
			children = (
				B8DB1EBE20AA3F9300C7A16A /* SnapchatBill */,
				B8DB1EBD20AA3F9300C7A16A /* Products */,
			);
			sourceTree = "<group>";
		};
		B8DB1EBD20AA3F9300C7A16A /* Products */ = {
			isa = PBXGroup;
			children = (
				B8DB1EBC20AA3F9300C7A16A /* SnapchatBill.app */,
			);
			name = Products;
			sourceTree = "<group>";
		};
		B8DB1EBE20AA3F9300C7A16A /* SnapchatBill */ = {
			isa = PBXGroup;
			children = (
				B8DB1EBF20AA3F9300C7A16A /* AppDelegate.swift */,
				B8DB1EC120AA3F9300C7A16A /* ViewController.swift */,
				B8DB1EC320AA3F9300C7A16A /* Main.storyboard */,
				B8DB1EC620AA3F9500C7A16A /* Assets.xcassets */,
				B8DB1EC820AA3F9500C7A16A /* LaunchScreen.storyboard */,
				B8DB1ECB20AA3F9500C7A16A /* Info.plist */,
			);
			path = SnapchatBill;
			sourceTree = "<group>";
		};
/* End PBXGroup section */

/* Begin PBXNativeTarget section */
		B8DB1EBB20AA3F9300C7A16A /* SnapchatBill */ = {
			isa = PBXNativeTarget;
			buildConfigurationList = B8DB1ECE20AA3F9500C7A16A /* Build configuration list for PBXNativeTarget "SnapchatBill" */;
			buildPhases = (
				B8DB1EB820AA3F9300C7A16A /* Sources */,
				B8DB1EB920AA3F9300C7A16A /* Frameworks */,
				B8DB1EBA20AA3F9300C7A16A /* Resources */,
			);
			buildRules = (
			);
			dependencies = (
			);
			name = SnapchatBill;
			productName = SnapchatBill;
			productReference = B8DB1EBC20AA3F9300C7A16A /* SnapchatBill.app */;
			productType = "com.apple.product-type.application";
		};
/* End PBXNativeTarget section */

/* Begin PBXProject section */
		B8DB1EB420AA3F9300C7A16A /* Project object */ = {
			isa = PBXProject;
			attributes = {
				LastSwiftUpdateCheck = 0930;
				LastUpgradeCheck = 0930;
				ORGANIZATIONNAME = Tecsup;
				TargetAttributes = {
					B8DB1EBB20AA3F9300C7A16A = {
						CreatedOnToolsVersion = 9.3;
					};
				};
			};
			buildConfigurationList = B8DB1EB720AA3F9300C7A16A /* Build configuration list for PBXProject "SnapchatBill" */;
			compatibilityVersion = "Xcode 9.3";
			developmentRegion = en;
			hasScannedForEncodings = 0;
			knownRegions = (
				en,
				Base,
			);
			mainGroup = B8DB1EB320AA3F9300C7A16A;
			productRefGroup = B8DB1EBD20AA3F9300C7A16A /* Products */;
			projectDirPath = "";
			projectRoot = "";
			targets = (
				B8DB1EBB20AA3F9300C7A16A /* SnapchatBill */,
			);
		};
/* End PBXProject section */

/* Begin PBXResourcesBuildPhase section */
		B8DB1EBA20AA3F9300C7A16A /* Resources */ = {
			isa = PBXResourcesBuildPhase;
			buildActionMask = 2147483647;
			files = (
				B8DB1ECA20AA3F9500C7A16A /* LaunchScreen.storyboard in Resources */,
				B8DB1EC720AA3F9500C7A16A /* Assets.xcassets in Resources */,
				B8DB1EC520AA3F9300C7A16A /* Main.storyboard in Resources */,
			);
			runOnlyForDeploymentPostprocessing = 0;
		};
/* End PBXResourcesBuildPhase section */

/* Begin PBXSourcesBuildPhase section */
		B8DB1EB820AA3F9300C7A16A /* Sources */ = {
			isa = PBXSourcesBuildPhase;
			buildActionMask = 2147483647;
			files = (
				B8DB1EC220AA3F9300C7A16A /* ViewController.swift in Sources */,
				B8DB1EC020AA3F9300C7A16A /* AppDelegate.swift in Sources */,
			);
			runOnlyForDeploymentPostprocessing = 0;
		};
/* End PBXSourcesBuildPhase section */

/* Begin PBXVariantGroup section */
		B8DB1EC320AA3F9300C7A16A /* Main.storyboard */ = {
			isa = PBXVariantGroup;
			children = (
				B8DB1EC420AA3F9300C7A16A /* Base */,
			);
			name = Main.storyboard;
			sourceTree = "<group>";
		};
		B8DB1EC820AA3F9500C7A16A /* LaunchScreen.storyboard */ = {
			isa = PBXVariantGroup;
			children = (
				B8DB1EC920AA3F9500C7A16A /* Base */,
			);
			name = LaunchScreen.storyboard;
			sourceTree = "<group>";
		};
/* End PBXVariantGroup section */

/* Begin XCBuildConfiguration section */
		B8DB1ECC20AA3F9500C7A16A /* Debug */ = {
			isa = XCBuildConfiguration;
			buildSettings = {
				ALWAYS_SEARCH_USER_PATHS = NO;
				CLANG_ANALYZER_NONNULL = YES;
				CLANG_ANALYZER_NUMBER_OBJECT_CONVERSION = YES_AGGRESSIVE;
				CLANG_CXX_LANGUAGE_STANDARD = "gnu++14";
				CLANG_CXX_LIBRARY = "libc++";
				CLANG_ENABLE_MODULES = YES;
				CLANG_ENABLE_OBJC_ARC = YES;
				CLANG_ENABLE_OBJC_WEAK = YES;
				CLANG_WARN_BLOCK_CAPTURE_AUTORELEASING = YES;
				CLANG_WARN_BOOL_CONVERSION = YES;
				CLANG_WARN_COMMA = YES;
				CLANG_WARN_CONSTANT_CONVERSION = YES;
				CLANG_WARN_DEPRECATED_OBJC_IMPLEMENTATIONS = YES;
				CLANG_WARN_DIRECT_OBJC_ISA_USAGE = YES_ERROR;
				CLANG_WARN_DOCUMENTATION_COMMENTS = YES;
				CLANG_WARN_EMPTY_BODY = YES;
				CLANG_WARN_ENUM_CONVERSION = YES;
				CLANG_WARN_INFINITE_RECURSION = YES;
				CLANG_WARN_INT_CONVERSION = YES;
				CLANG_WARN_NON_LITERAL_NULL_CONVERSION = YES;
				CLANG_WARN_OBJC_IMPLICIT_RETAIN_SELF = YES;
				CLANG_WARN_OBJC_LITERAL_CONVERSION = YES;
				CLANG_WARN_OBJC_ROOT_CLASS = YES_ERROR;
				CLANG_WARN_RANGE_LOOP_ANALYSIS = YES;
				CLANG_WARN_STRICT_PROTOTYPES = YES;
				CLANG_WARN_SUSPICIOUS_MOVE = YES;
				CLANG_WARN_UNGUARDED_AVAILABILITY = YES_AGGRESSIVE;
				CLANG_WARN_UNREACHABLE_CODE = YES;
				CLANG_WARN__DUPLICATE_METHOD_MATCH = YES;
				CODE_SIGN_IDENTITY = "iPhone Developer";
				COPY_PHASE_STRIP = NO;
				DEBUG_INFORMATION_FORMAT = dwarf;
				ENABLE_STRICT_OBJC_MSGSEND = YES;
				ENABLE_TESTABILITY = YES;
				GCC_C_LANGUAGE_STANDARD = gnu11;
				GCC_DYNAMIC_NO_PIC = NO;
				GCC_NO_COMMON_BLOCKS = YES;
				GCC_OPTIMIZATION_LEVEL = 0;
				GCC_PREPROCESSOR_DEFINITIONS = (
					"DEBUG=1",
					"$(inherited)",
				);
				GCC_WARN_64_TO_32_BIT_CONVERSION = YES;
				GCC_WARN_ABOUT_RETURN_TYPE = YES_ERROR;
				GCC_WARN_UNDECLARED_SELECTOR = YES;
				GCC_WARN_UNINITIALIZED_AUTOS = YES_AGGRESSIVE;
				GCC_WARN_UNUSED_FUNCTION = YES;
				GCC_WARN_UNUSED_VARIABLE = YES;
				IPHONEOS_DEPLOYMENT_TARGET = 11.3;
				MTL_ENABLE_DEBUG_INFO = YES;
				ONLY_ACTIVE_ARCH = YES;
				SDKROOT = iphoneos;
				SWIFT_ACTIVE_COMPILATION_CONDITIONS = DEBUG;
				SWIFT_OPTIMIZATION_LEVEL = "-Onone";
			};
			name = Debug;
		};
		B8DB1ECD20AA3F9500C7A16A /* Release */ = {
			isa = XCBuildConfiguration;
			buildSettings = {
				ALWAYS_SEARCH_USER_PATHS = NO;
				CLANG_ANALYZER_NONNULL = YES;
				CLANG_ANALYZER_NUMBER_OBJECT_CONVERSION = YES_AGGRESSIVE;
				CLANG_CXX_LANGUAGE_STANDARD = "gnu++14";
				CLANG_CXX_LIBRARY = "libc++";
				CLANG_ENABLE_MODULES = YES;
				CLANG_ENABLE_OBJC_ARC = YES;
				CLANG_ENABLE_OBJC_WEAK = YES;
				CLANG_WARN_BLOCK_CAPTURE_AUTORELEASING = YES;
				CLANG_WARN_BOOL_CONVERSION = YES;
				CLANG_WARN_COMMA = YES;
				CLANG_WARN_CONSTANT_CONVERSION = YES;
				CLANG_WARN_DEPRECATED_OBJC_IMPLEMENTATIONS = YES;
				CLANG_WARN_DIRECT_OBJC_ISA_USAGE = YES_ERROR;
				CLANG_WARN_DOCUMENTATION_COMMENTS = YES;
				CLANG_WARN_EMPTY_BODY = YES;
				CLANG_WARN_ENUM_CONVERSION = YES;
				CLANG_WARN_INFINITE_RECURSION = YES;
				CLANG_WARN_INT_CONVERSION = YES;
				CLANG_WARN_NON_LITERAL_NULL_CONVERSION = YES;
				CLANG_WARN_OBJC_IMPLICIT_RETAIN_SELF = YES;
				CLANG_WARN_OBJC_LITERAL_CONVERSION = YES;
				CLANG_WARN_OBJC_ROOT_CLASS = YES_ERROR;
				CLANG_WARN_RANGE_LOOP_ANALYSIS = YES;
				CLANG_WARN_STRICT_PROTOTYPES = YES;
				CLANG_WARN_SUSPICIOUS_MOVE = YES;
				CLANG_WARN_UNGUARDED_AVAILABILITY = YES_AGGRESSIVE;
				CLANG_WARN_UNREACHABLE_CODE = YES;
				CLANG_WARN__DUPLICATE_METHOD_MATCH = YES;
				CODE_SIGN_IDENTITY = "iPhone Developer";
				COPY_PHASE_STRIP = NO;
				DEBUG_INFORMATION_FORMAT = "dwarf-with-dsym";
				ENABLE_NS_ASSERTIONS = NO;
				ENABLE_STRICT_OBJC_MSGSEND = YES;
				GCC_C_LANGUAGE_STANDARD = gnu11;
				GCC_NO_COMMON_BLOCKS = YES;
				GCC_WARN_64_TO_32_BIT_CONVERSION = YES;
				GCC_WARN_ABOUT_RETURN_TYPE = YES_ERROR;
				GCC_WARN_UNDECLARED_SELECTOR = YES;
				GCC_WARN_UNINITIALIZED_AUTOS = YES_AGGRESSIVE;
				GCC_WARN_UNUSED_FUNCTION = YES;
				GCC_WARN_UNUSED_VARIABLE = YES;
				IPHONEOS_DEPLOYMENT_TARGET = 11.3;
				MTL_ENABLE_DEBUG_INFO = NO;
				SDKROOT = iphoneos;
				SWIFT_COMPILATION_MODE = wholemodule;
				SWIFT_OPTIMIZATION_LEVEL = "-O";
				VALIDATE_PRODUCT = YES;
			};
			name = Release;
		};
		B8DB1ECF20AA3F9500C7A16A /* Debug */ = {
			isa = XCBuildConfiguration;
			buildSettings = {
				ASSETCATALOG_COMPILER_APPICON_NAME = AppIcon;
				CODE_SIGN_STYLE = Automatic;
				INFOPLIST_FILE = SnapchatBill/Info.plist;
				LD_RUNPATH_SEARCH_PATHS = (
					"$(inherited)",
					"@executable_path/Frameworks",
				);
				PRODUCT_BUNDLE_IDENTIFIER = com.tecsup.SnapchatBill;
				PRODUCT_NAME = "$(TARGET_NAME)";
				SWIFT_VERSION = 4.0;
				TARGETED_DEVICE_FAMILY = "1,2";
			};
			name = Debug;
		};
		B8DB1ED020AA3F9500C7A16A /* Release */ = {
			isa = XCBuildConfiguration;
			buildSettings = {
				ASSETCATALOG_COMPILER_APPICON_NAME = AppIcon;
				CODE_SIGN_STYLE = Automatic;
				INFOPLIST_FILE = SnapchatBill/Info.plist;
				LD_RUNPATH_SEARCH_PATHS = (
					"$(inherited)",
					"@executable_path/Frameworks",
				);
				PRODUCT_BUNDLE_IDENTIFIER = com.tecsup.SnapchatBill;
				PRODUCT_NAME = "$(TARGET_NAME)";
				SWIFT_VERSION = 4.0;
				TARGETED_DEVICE_FAMILY = "1,2";
			};
			name = Release;
		};
/* End XCBuildConfiguration section */

/* Begin XCConfigurationList section */
		B8DB1EB720AA3F9300C7A16A /* Build configuration list for PBXProject "SnapchatBill" */ = {
			isa = XCConfigurationList;
			buildConfigurations = (
				B8DB1ECC20AA3F9500C7A16A /* Debug */,
				B8DB1ECD20AA3F9500C7A16A /* Release */,
			);
			defaultConfigurationIsVisible = 0;
			defaultConfigurationName = Release;
		};
		B8DB1ECE20AA3F9500C7A16A /* Build configuration list for PBXNativeTarget "SnapchatBill" */ = {
			isa = XCConfigurationList;
			buildConfigurations = (
				B8DB1ECF20AA3F9500C7A16A /* Debug */,
				B8DB1ED020AA3F9500C7A16A /* Release */,
			);
			defaultConfigurationIsVisible = 0;
			defaultConfigurationName = Release;
		};
/* End XCConfigurationList section */
	};
	rootObject = B8DB1EB420AA3F9300C7A16A /* Project object */;
}
