// !$*UTF8*$!
{
	archiveVersion = 1;
	classes = {
	};
	objectVersion = 50;
	objects = {

/* Begin PBXBuildFile section */
		90DD4BCB3D4BD9082B07886B /* Pods_ProyectoFinal.framework in Frameworks */ = {isa = PBXBuildFile; fileRef = 43E4BC9382E1B3D12B3CFDE6 /* Pods_ProyectoFinal.framework */; };
		B81BA95720C6E152001DECA5 /* AppDelegate.swift in Sources */ = {isa = PBXBuildFile; fileRef = B81BA95620C6E152001DECA5 /* AppDelegate.swift */; };
		B81BA95920C6E152001DECA5 /* ViewController.swift in Sources */ = {isa = PBXBuildFile; fileRef = B81BA95820C6E152001DECA5 /* ViewController.swift */; };
		B81BA95C20C6E152001DECA5 /* Main.storyboard in Resources */ = {isa = PBXBuildFile; fileRef = B81BA95A20C6E152001DECA5 /* Main.storyboard */; };
		B81BA95E20C6E154001DECA5 /* Assets.xcassets in Resources */ = {isa = PBXBuildFile; fileRef = B81BA95D20C6E154001DECA5 /* Assets.xcassets */; };
		B81BA96120C6E154001DECA5 /* LaunchScreen.storyboard in Resources */ = {isa = PBXBuildFile; fileRef = B81BA95F20C6E154001DECA5 /* LaunchScreen.storyboard */; };
		B81BA96A20C6ECBA001DECA5 /* PublicacionViewController.swift in Sources */ = {isa = PBXBuildFile; fileRef = B81BA96920C6ECBA001DECA5 /* PublicacionViewController.swift */; };
		B8D78E4C20C7112B00B9C846 /* IniciarSesionViewController.swift in Sources */ = {isa = PBXBuildFile; fileRef = B8D78E4B20C7112B00B9C846 /* IniciarSesionViewController.swift */; };
		B8D78E4E20C7113900B9C846 /* RegistrarseViewController.swift in Sources */ = {isa = PBXBuildFile; fileRef = B8D78E4D20C7113900B9C846 /* RegistrarseViewController.swift */; };
		B8D78E5020C7152400B9C846 /* UsuarioViewController.swift in Sources */ = {isa = PBXBuildFile; fileRef = B8D78E4F20C7152400B9C846 /* UsuarioViewController.swift */; };
		B8D78E5220C7156600B9C846 /* HistorialViewController.swift in Sources */ = {isa = PBXBuildFile; fileRef = B8D78E5120C7156600B9C846 /* HistorialViewController.swift */; };
/* End PBXBuildFile section */

/* Begin PBXFileReference section */
		43E4BC9382E1B3D12B3CFDE6 /* Pods_ProyectoFinal.framework */ = {isa = PBXFileReference; explicitFileType = wrapper.framework; includeInIndex = 0; path = Pods_ProyectoFinal.framework; sourceTree = BUILT_PRODUCTS_DIR; };
		4BE090102160FB096FA714E9 /* Pods-ProyectoFinal.debug.xcconfig */ = {isa = PBXFileReference; includeInIndex = 1; lastKnownFileType = text.xcconfig; name = "Pods-ProyectoFinal.debug.xcconfig"; path = "Pods/Target Support Files/Pods-ProyectoFinal/Pods-ProyectoFinal.debug.xcconfig"; sourceTree = "<group>"; };
		810C05BC78DFE08A44315B15 /* Pods-ProyectoFinal.release.xcconfig */ = {isa = PBXFileReference; includeInIndex = 1; lastKnownFileType = text.xcconfig; name = "Pods-ProyectoFinal.release.xcconfig"; path = "Pods/Target Support Files/Pods-ProyectoFinal/Pods-ProyectoFinal.release.xcconfig"; sourceTree = "<group>"; };
		B81BA95320C6E152001DECA5 /* ProyectoFinal.app */ = {isa = PBXFileReference; explicitFileType = wrapper.application; includeInIndex = 0; path = ProyectoFinal.app; sourceTree = BUILT_PRODUCTS_DIR; };
		B81BA95620C6E152001DECA5 /* AppDelegate.swift */ = {isa = PBXFileReference; lastKnownFileType = sourcecode.swift; path = AppDelegate.swift; sourceTree = "<group>"; };
		B81BA95820C6E152001DECA5 /* ViewController.swift */ = {isa = PBXFileReference; lastKnownFileType = sourcecode.swift; path = ViewController.swift; sourceTree = "<group>"; };
		B81BA95B20C6E152001DECA5 /* Base */ = {isa = PBXFileReference; lastKnownFileType = file.storyboard; name = Base; path = Base.lproj/Main.storyboard; sourceTree = "<group>"; };
		B81BA95D20C6E154001DECA5 /* Assets.xcassets */ = {isa = PBXFileReference; lastKnownFileType = folder.assetcatalog; path = Assets.xcassets; sourceTree = "<group>"; };
		B81BA96020C6E154001DECA5 /* Base */ = {isa = PBXFileReference; lastKnownFileType = file.storyboard; name = Base; path = Base.lproj/LaunchScreen.storyboard; sourceTree = "<group>"; };
		B81BA96220C6E154001DECA5 /* Info.plist */ = {isa = PBXFileReference; lastKnownFileType = text.plist.xml; path = Info.plist; sourceTree = "<group>"; };
		B81BA96920C6ECBA001DECA5 /* PublicacionViewController.swift */ = {isa = PBXFileReference; lastKnownFileType = sourcecode.swift; path = PublicacionViewController.swift; sourceTree = "<group>"; };
		B8D78E4B20C7112B00B9C846 /* IniciarSesionViewController.swift */ = {isa = PBXFileReference; lastKnownFileType = sourcecode.swift; path = IniciarSesionViewController.swift; sourceTree = "<group>"; };
		B8D78E4D20C7113900B9C846 /* RegistrarseViewController.swift */ = {isa = PBXFileReference; lastKnownFileType = sourcecode.swift; path = RegistrarseViewController.swift; sourceTree = "<group>"; };
		B8D78E4F20C7152400B9C846 /* UsuarioViewController.swift */ = {isa = PBXFileReference; lastKnownFileType = sourcecode.swift; path = UsuarioViewController.swift; sourceTree = "<group>"; };
		B8D78E5120C7156600B9C846 /* HistorialViewController.swift */ = {isa = PBXFileReference; lastKnownFileType = sourcecode.swift; path = HistorialViewController.swift; sourceTree = "<group>"; };
/* End PBXFileReference section */

/* Begin PBXFrameworksBuildPhase section */
		B81BA95020C6E152001DECA5 /* Frameworks */ = {
			isa = PBXFrameworksBuildPhase;
			buildActionMask = 2147483647;
			files = (
				90DD4BCB3D4BD9082B07886B /* Pods_ProyectoFinal.framework in Frameworks */,
			);
			runOnlyForDeploymentPostprocessing = 0;
		};
/* End PBXFrameworksBuildPhase section */

/* Begin PBXGroup section */
		A7EFB3B465DD45B67D4F6736 /* Frameworks */ = {
			isa = PBXGroup;
			children = (
				43E4BC9382E1B3D12B3CFDE6 /* Pods_ProyectoFinal.framework */,
			);
			name = Frameworks;
			sourceTree = "<group>";
		};
		B81BA94A20C6E152001DECA5 = {
			isa = PBXGroup;
			children = (
				B81BA95520C6E152001DECA5 /* ProyectoFinal */,
				B81BA95420C6E152001DECA5 /* Products */,
				CB45DA6651B353FE70F9BDCB /* Pods */,
				A7EFB3B465DD45B67D4F6736 /* Frameworks */,
			);
			sourceTree = "<group>";
		};
		B81BA95420C6E152001DECA5 /* Products */ = {
			isa = PBXGroup;
			children = (
				B81BA95320C6E152001DECA5 /* ProyectoFinal.app */,
			);
			name = Products;
			sourceTree = "<group>";
		};
		B81BA95520C6E152001DECA5 /* ProyectoFinal */ = {
			isa = PBXGroup;
			children = (
				B81BA96820C6E376001DECA5 /* ViewController */,
				B81BA95620C6E152001DECA5 /* AppDelegate.swift */,
				B81BA95A20C6E152001DECA5 /* Main.storyboard */,
				B81BA95D20C6E154001DECA5 /* Assets.xcassets */,
				B81BA95F20C6E154001DECA5 /* LaunchScreen.storyboard */,
				B81BA96220C6E154001DECA5 /* Info.plist */,
			);
			path = ProyectoFinal;
			sourceTree = "<group>";
		};
		B81BA96820C6E376001DECA5 /* ViewController */ = {
			isa = PBXGroup;
			children = (
				B81BA95820C6E152001DECA5 /* ViewController.swift */,
				B81BA96920C6ECBA001DECA5 /* PublicacionViewController.swift */,
				B8D78E4B20C7112B00B9C846 /* IniciarSesionViewController.swift */,
				B8D78E4D20C7113900B9C846 /* RegistrarseViewController.swift */,
				B8D78E4F20C7152400B9C846 /* UsuarioViewController.swift */,
				B8D78E5120C7156600B9C846 /* HistorialViewController.swift */,
			);
			path = ViewController;
			sourceTree = "<group>";
		};
		CB45DA6651B353FE70F9BDCB /* Pods */ = {
			isa = PBXGroup;
			children = (
				4BE090102160FB096FA714E9 /* Pods-ProyectoFinal.debug.xcconfig */,
				810C05BC78DFE08A44315B15 /* Pods-ProyectoFinal.release.xcconfig */,
			);
			name = Pods;
			sourceTree = "<group>";
		};
/* End PBXGroup section */

/* Begin PBXNativeTarget section */
		B81BA95220C6E152001DECA5 /* ProyectoFinal */ = {
			isa = PBXNativeTarget;
			buildConfigurationList = B81BA96520C6E154001DECA5 /* Build configuration list for PBXNativeTarget "ProyectoFinal" */;
			buildPhases = (
				3417882637D99EDB1386A1DB /* [CP] Check Pods Manifest.lock */,
				B81BA94F20C6E152001DECA5 /* Sources */,
				B81BA95020C6E152001DECA5 /* Frameworks */,
				B81BA95120C6E152001DECA5 /* Resources */,
				028C26BEB00C84505FEA200A /* [CP] Copy Pods Resources */,
			);
			buildRules = (
			);
			dependencies = (
			);
			name = ProyectoFinal;
			productName = ProyectoFinal;
			productReference = B81BA95320C6E152001DECA5 /* ProyectoFinal.app */;
			productType = "com.apple.product-type.application";
		};
/* End PBXNativeTarget section */

/* Begin PBXProject section */
		B81BA94B20C6E152001DECA5 /* Project object */ = {
			isa = PBXProject;
			attributes = {
				LastSwiftUpdateCheck = 0930;
				LastUpgradeCheck = 0930;
				ORGANIZATIONNAME = Tecsup;
				TargetAttributes = {
					B81BA95220C6E152001DECA5 = {
						CreatedOnToolsVersion = 9.3;
					};
				};
			};
			buildConfigurationList = B81BA94E20C6E152001DECA5 /* Build configuration list for PBXProject "ProyectoFinal" */;
			compatibilityVersion = "Xcode 9.3";
			developmentRegion = en;
			hasScannedForEncodings = 0;
			knownRegions = (
				en,
				Base,
			);
			mainGroup = B81BA94A20C6E152001DECA5;
			productRefGroup = B81BA95420C6E152001DECA5 /* Products */;
			projectDirPath = "";
			projectRoot = "";
			targets = (
				B81BA95220C6E152001DECA5 /* ProyectoFinal */,
			);
		};
/* End PBXProject section */

/* Begin PBXResourcesBuildPhase section */
		B81BA95120C6E152001DECA5 /* Resources */ = {
			isa = PBXResourcesBuildPhase;
			buildActionMask = 2147483647;
			files = (
				B81BA96120C6E154001DECA5 /* LaunchScreen.storyboard in Resources */,
				B81BA95E20C6E154001DECA5 /* Assets.xcassets in Resources */,
				B81BA95C20C6E152001DECA5 /* Main.storyboard in Resources */,
			);
			runOnlyForDeploymentPostprocessing = 0;
		};
/* End PBXResourcesBuildPhase section */

/* Begin PBXShellScriptBuildPhase section */
		028C26BEB00C84505FEA200A /* [CP] Copy Pods Resources */ = {
			isa = PBXShellScriptBuildPhase;
			buildActionMask = 2147483647;
			files = (
			);
			inputPaths = (
				"${SRCROOT}/Pods/Target Support Files/Pods-ProyectoFinal/Pods-ProyectoFinal-resources.sh",
				"${PODS_ROOT}/GoogleMaps/Maps/Frameworks/GoogleMaps.framework/Resources/GoogleMaps.bundle",
				"${PODS_ROOT}/GooglePlaces/Frameworks/GooglePlaces.framework/Resources/GooglePlaces.bundle",
			);
			name = "[CP] Copy Pods Resources";
			outputPaths = (
				"${TARGET_BUILD_DIR}/${UNLOCALIZED_RESOURCES_FOLDER_PATH}/GoogleMaps.bundle",
				"${TARGET_BUILD_DIR}/${UNLOCALIZED_RESOURCES_FOLDER_PATH}/GooglePlaces.bundle",
			);
			runOnlyForDeploymentPostprocessing = 0;
			shellPath = /bin/sh;
			shellScript = "\"${SRCROOT}/Pods/Target Support Files/Pods-ProyectoFinal/Pods-ProyectoFinal-resources.sh\"\n";
			showEnvVarsInLog = 0;
		};
		3417882637D99EDB1386A1DB /* [CP] Check Pods Manifest.lock */ = {
			isa = PBXShellScriptBuildPhase;
			buildActionMask = 2147483647;
			files = (
			);
			inputPaths = (
				"${PODS_PODFILE_DIR_PATH}/Podfile.lock",
				"${PODS_ROOT}/Manifest.lock",
			);
			name = "[CP] Check Pods Manifest.lock";
			outputPaths = (
				"$(DERIVED_FILE_DIR)/Pods-ProyectoFinal-checkManifestLockResult.txt",
			);
			runOnlyForDeploymentPostprocessing = 0;
			shellPath = /bin/sh;
			shellScript = "diff \"${PODS_PODFILE_DIR_PATH}/Podfile.lock\" \"${PODS_ROOT}/Manifest.lock\" > /dev/null\nif [ $? != 0 ] ; then\n    # print error to STDERR\n    echo \"error: The sandbox is not in sync with the Podfile.lock. Run 'pod install' or update your CocoaPods installation.\" >&2\n    exit 1\nfi\n# This output is used by Xcode 'outputs' to avoid re-running this script phase.\necho \"SUCCESS\" > \"${SCRIPT_OUTPUT_FILE_0}\"\n";
			showEnvVarsInLog = 0;
		};
/* End PBXShellScriptBuildPhase section */

/* Begin PBXSourcesBuildPhase section */
		B81BA94F20C6E152001DECA5 /* Sources */ = {
			isa = PBXSourcesBuildPhase;
			buildActionMask = 2147483647;
			files = (
				B8D78E4E20C7113900B9C846 /* RegistrarseViewController.swift in Sources */,
				B81BA96A20C6ECBA001DECA5 /* PublicacionViewController.swift in Sources */,
				B8D78E4C20C7112B00B9C846 /* IniciarSesionViewController.swift in Sources */,
				B81BA95920C6E152001DECA5 /* ViewController.swift in Sources */,
				B81BA95720C6E152001DECA5 /* AppDelegate.swift in Sources */,
				B8D78E5020C7152400B9C846 /* UsuarioViewController.swift in Sources */,
				B8D78E5220C7156600B9C846 /* HistorialViewController.swift in Sources */,
			);
			runOnlyForDeploymentPostprocessing = 0;
		};
/* End PBXSourcesBuildPhase section */

/* Begin PBXVariantGroup section */
		B81BA95A20C6E152001DECA5 /* Main.storyboard */ = {
			isa = PBXVariantGroup;
			children = (
				B81BA95B20C6E152001DECA5 /* Base */,
			);
			name = Main.storyboard;
			sourceTree = "<group>";
		};
		B81BA95F20C6E154001DECA5 /* LaunchScreen.storyboard */ = {
			isa = PBXVariantGroup;
			children = (
				B81BA96020C6E154001DECA5 /* Base */,
			);
			name = LaunchScreen.storyboard;
			sourceTree = "<group>";
		};
/* End PBXVariantGroup section */

/* Begin XCBuildConfiguration section */
		B81BA96320C6E154001DECA5 /* Debug */ = {
			isa = XCBuildConfiguration;
			buildSettings = {
				ALWAYS_SEARCH_USER_PATHS = NO;
				CLANG_ANALYZER_NONNULL = YES;
				CLANG_ANALYZER_NUMBER_OBJECT_CONVERSION = YES_AGGRESSIVE;
				CLANG_CXX_LANGUAGE_STANDARD = "gnu++14";
				CLANG_CXX_LIBRARY = "libc++";
				CLANG_ENABLE_MODULES = YES;
				CLANG_ENABLE_OBJC_ARC = YES;
				CLANG_ENABLE_OBJC_WEAK = YES;
				CLANG_WARN_BLOCK_CAPTURE_AUTORELEASING = YES;
				CLANG_WARN_BOOL_CONVERSION = YES;
				CLANG_WARN_COMMA = YES;
				CLANG_WARN_CONSTANT_CONVERSION = YES;
				CLANG_WARN_DEPRECATED_OBJC_IMPLEMENTATIONS = YES;
				CLANG_WARN_DIRECT_OBJC_ISA_USAGE = YES_ERROR;
				CLANG_WARN_DOCUMENTATION_COMMENTS = YES;
				CLANG_WARN_EMPTY_BODY = YES;
				CLANG_WARN_ENUM_CONVERSION = YES;
				CLANG_WARN_INFINITE_RECURSION = YES;
				CLANG_WARN_INT_CONVERSION = YES;
				CLANG_WARN_NON_LITERAL_NULL_CONVERSION = YES;
				CLANG_WARN_OBJC_IMPLICIT_RETAIN_SELF = YES;
				CLANG_WARN_OBJC_LITERAL_CONVERSION = YES;
				CLANG_WARN_OBJC_ROOT_CLASS = YES_ERROR;
				CLANG_WARN_RANGE_LOOP_ANALYSIS = YES;
				CLANG_WARN_STRICT_PROTOTYPES = YES;
				CLANG_WARN_SUSPICIOUS_MOVE = YES;
				CLANG_WARN_UNGUARDED_AVAILABILITY = YES_AGGRESSIVE;
				CLANG_WARN_UNREACHABLE_CODE = YES;
				CLANG_WARN__DUPLICATE_METHOD_MATCH = YES;
				CODE_SIGN_IDENTITY = "iPhone Developer";
				COPY_PHASE_STRIP = NO;
				DEBUG_INFORMATION_FORMAT = dwarf;
				ENABLE_STRICT_OBJC_MSGSEND = YES;
				ENABLE_TESTABILITY = YES;
				GCC_C_LANGUAGE_STANDARD = gnu11;
				GCC_DYNAMIC_NO_PIC = NO;
				GCC_NO_COMMON_BLOCKS = YES;
				GCC_OPTIMIZATION_LEVEL = 0;
				GCC_PREPROCESSOR_DEFINITIONS = (
					"DEBUG=1",
					"$(inherited)",
				);
				GCC_WARN_64_TO_32_BIT_CONVERSION = YES;
				GCC_WARN_ABOUT_RETURN_TYPE = YES_ERROR;
				GCC_WARN_UNDECLARED_SELECTOR = YES;
				GCC_WARN_UNINITIALIZED_AUTOS = YES_AGGRESSIVE;
				GCC_WARN_UNUSED_FUNCTION = YES;
				GCC_WARN_UNUSED_VARIABLE = YES;
				IPHONEOS_DEPLOYMENT_TARGET = 11.3;
				MTL_ENABLE_DEBUG_INFO = YES;
				ONLY_ACTIVE_ARCH = YES;
				SDKROOT = iphoneos;
				SWIFT_ACTIVE_COMPILATION_CONDITIONS = DEBUG;
				SWIFT_OPTIMIZATION_LEVEL = "-Onone";
			};
			name = Debug;
		};
		B81BA96420C6E154001DECA5 /* Release */ = {
			isa = XCBuildConfiguration;
			buildSettings = {
				ALWAYS_SEARCH_USER_PATHS = NO;
				CLANG_ANALYZER_NONNULL = YES;
				CLANG_ANALYZER_NUMBER_OBJECT_CONVERSION = YES_AGGRESSIVE;
				CLANG_CXX_LANGUAGE_STANDARD = "gnu++14";
				CLANG_CXX_LIBRARY = "libc++";
				CLANG_ENABLE_MODULES = YES;
				CLANG_ENABLE_OBJC_ARC = YES;
				CLANG_ENABLE_OBJC_WEAK = YES;
				CLANG_WARN_BLOCK_CAPTURE_AUTORELEASING = YES;
				CLANG_WARN_BOOL_CONVERSION = YES;
				CLANG_WARN_COMMA = YES;
				CLANG_WARN_CONSTANT_CONVERSION = YES;
				CLANG_WARN_DEPRECATED_OBJC_IMPLEMENTATIONS = YES;
				CLANG_WARN_DIRECT_OBJC_ISA_USAGE = YES_ERROR;
				CLANG_WARN_DOCUMENTATION_COMMENTS = YES;
				CLANG_WARN_EMPTY_BODY = YES;
				CLANG_WARN_ENUM_CONVERSION = YES;
				CLANG_WARN_INFINITE_RECURSION = YES;
				CLANG_WARN_INT_CONVERSION = YES;
				CLANG_WARN_NON_LITERAL_NULL_CONVERSION = YES;
				CLANG_WARN_OBJC_IMPLICIT_RETAIN_SELF = YES;
				CLANG_WARN_OBJC_LITERAL_CONVERSION = YES;
				CLANG_WARN_OBJC_ROOT_CLASS = YES_ERROR;
				CLANG_WARN_RANGE_LOOP_ANALYSIS = YES;
				CLANG_WARN_STRICT_PROTOTYPES = YES;
				CLANG_WARN_SUSPICIOUS_MOVE = YES;
				CLANG_WARN_UNGUARDED_AVAILABILITY = YES_AGGRESSIVE;
				CLANG_WARN_UNREACHABLE_CODE = YES;
				CLANG_WARN__DUPLICATE_METHOD_MATCH = YES;
				CODE_SIGN_IDENTITY = "iPhone Developer";
				COPY_PHASE_STRIP = NO;
				DEBUG_INFORMATION_FORMAT = "dwarf-with-dsym";
				ENABLE_NS_ASSERTIONS = NO;
				ENABLE_STRICT_OBJC_MSGSEND = YES;
				GCC_C_LANGUAGE_STANDARD = gnu11;
				GCC_NO_COMMON_BLOCKS = YES;
				GCC_WARN_64_TO_32_BIT_CONVERSION = YES;
				GCC_WARN_ABOUT_RETURN_TYPE = YES_ERROR;
				GCC_WARN_UNDECLARED_SELECTOR = YES;
				GCC_WARN_UNINITIALIZED_AUTOS = YES_AGGRESSIVE;
				GCC_WARN_UNUSED_FUNCTION = YES;
				GCC_WARN_UNUSED_VARIABLE = YES;
				IPHONEOS_DEPLOYMENT_TARGET = 11.3;
				MTL_ENABLE_DEBUG_INFO = NO;
				SDKROOT = iphoneos;
				SWIFT_COMPILATION_MODE = wholemodule;
				SWIFT_OPTIMIZATION_LEVEL = "-O";
				VALIDATE_PRODUCT = YES;
			};
			name = Release;
		};
		B81BA96620C6E154001DECA5 /* Debug */ = {
			isa = XCBuildConfiguration;
			baseConfigurationReference = 4BE090102160FB096FA714E9 /* Pods-ProyectoFinal.debug.xcconfig */;
			buildSettings = {
				ASSETCATALOG_COMPILER_APPICON_NAME = AppIcon;
				CODE_SIGN_STYLE = Automatic;
				DEVELOPMENT_TEAM = 8N64XAJTR3;
				INFOPLIST_FILE = ProyectoFinal/Info.plist;
				LD_RUNPATH_SEARCH_PATHS = (
					"$(inherited)",
					"@executable_path/Frameworks",
				);
				PRODUCT_BUNDLE_IDENTIFIER = com.tecsup.ProyectoFinal;
				PRODUCT_NAME = "$(TARGET_NAME)";
				SWIFT_VERSION = 4.0;
				TARGETED_DEVICE_FAMILY = "1,2";
			};
			name = Debug;
		};
		B81BA96720C6E154001DECA5 /* Release */ = {
			isa = XCBuildConfiguration;
			baseConfigurationReference = 810C05BC78DFE08A44315B15 /* Pods-ProyectoFinal.release.xcconfig */;
			buildSettings = {
				ASSETCATALOG_COMPILER_APPICON_NAME = AppIcon;
				CODE_SIGN_STYLE = Automatic;
				DEVELOPMENT_TEAM = 8N64XAJTR3;
				INFOPLIST_FILE = ProyectoFinal/Info.plist;
				LD_RUNPATH_SEARCH_PATHS = (
					"$(inherited)",
					"@executable_path/Frameworks",
				);
				PRODUCT_BUNDLE_IDENTIFIER = com.tecsup.ProyectoFinal;
				PRODUCT_NAME = "$(TARGET_NAME)";
				SWIFT_VERSION = 4.0;
				TARGETED_DEVICE_FAMILY = "1,2";
			};
			name = Release;
		};
/* End XCBuildConfiguration section */

/* Begin XCConfigurationList section */
		B81BA94E20C6E152001DECA5 /* Build configuration list for PBXProject "ProyectoFinal" */ = {
			isa = XCConfigurationList;
			buildConfigurations = (
				B81BA96320C6E154001DECA5 /* Debug */,
				B81BA96420C6E154001DECA5 /* Release */,
			);
			defaultConfigurationIsVisible = 0;
			defaultConfigurationName = Release;
		};
		B81BA96520C6E154001DECA5 /* Build configuration list for PBXNativeTarget "ProyectoFinal" */ = {
			isa = XCConfigurationList;
			buildConfigurations = (
				B81BA96620C6E154001DECA5 /* Debug */,
				B81BA96720C6E154001DECA5 /* Release */,
			);
			defaultConfigurationIsVisible = 0;
			defaultConfigurationName = Release;
		};
/* End XCConfigurationList section */
	};
	rootObject = B81BA94B20C6E152001DECA5 /* Project object */;
}
