// !$*UTF8*$!
{
	archiveVersion = 1;
	classes = {
	};
	objectVersion = 46;
	objects = {

/* Begin PBXBuildFile section */
		B82FB98C2072D8130072054D /* AppDelegate.swift in Sources */ = {isa = PBXBuildFile; fileRef = B82FB98B2072D8130072054D /* AppDelegate.swift */; };
		B82FB98E2072D8130072054D /* ViewController.swift in Sources */ = {isa = PBXBuildFile; fileRef = B82FB98D2072D8130072054D /* ViewController.swift */; };
		B82FB9912072D8130072054D /* Main.storyboard in Resources */ = {isa = PBXBuildFile; fileRef = B82FB98F2072D8130072054D /* Main.storyboard */; };
		B82FB9932072D8130072054D /* Assets.xcassets in Resources */ = {isa = PBXBuildFile; fileRef = B82FB9922072D8130072054D /* Assets.xcassets */; };
		B82FB9962072D8130072054D /* LaunchScreen.storyboard in Resources */ = {isa = PBXBuildFile; fileRef = B82FB9942072D8130072054D /* LaunchScreen.storyboard */; };
		B82FB99E2072DBCE0072054D /* ViewController2.swift in Sources */ = {isa = PBXBuildFile; fileRef = B82FB99D2072DBCE0072054D /* ViewController2.swift */; };
/* End PBXBuildFile section */

/* Begin PBXFileReference section */
		B82FB9882072D8130072054D /* TablasBill.app */ = {isa = PBXFileReference; explicitFileType = wrapper.application; includeInIndex = 0; path = TablasBill.app; sourceTree = BUILT_PRODUCTS_DIR; };
		B82FB98B2072D8130072054D /* AppDelegate.swift */ = {isa = PBXFileReference; lastKnownFileType = sourcecode.swift; path = AppDelegate.swift; sourceTree = "<group>"; };
		B82FB98D2072D8130072054D /* ViewController.swift */ = {isa = PBXFileReference; lastKnownFileType = sourcecode.swift; path = ViewController.swift; sourceTree = "<group>"; };
		B82FB9902072D8130072054D /* Base */ = {isa = PBXFileReference; lastKnownFileType = file.storyboard; name = Base; path = Base.lproj/Main.storyboard; sourceTree = "<group>"; };
		B82FB9922072D8130072054D /* Assets.xcassets */ = {isa = PBXFileReference; lastKnownFileType = folder.assetcatalog; path = Assets.xcassets; sourceTree = "<group>"; };
		B82FB9952072D8130072054D /* Base */ = {isa = PBXFileReference; lastKnownFileType = file.storyboard; name = Base; path = Base.lproj/LaunchScreen.storyboard; sourceTree = "<group>"; };
		B82FB9972072D8130072054D /* Info.plist */ = {isa = PBXFileReference; lastKnownFileType = text.plist.xml; path = Info.plist; sourceTree = "<group>"; };
		B82FB99D2072DBCE0072054D /* ViewController2.swift */ = {isa = PBXFileReference; fileEncoding = 4; lastKnownFileType = sourcecode.swift; path = ViewController2.swift; sourceTree = "<group>"; };
/* End PBXFileReference section */

/* Begin PBXFrameworksBuildPhase section */
		B82FB9852072D8130072054D /* Frameworks */ = {
			isa = PBXFrameworksBuildPhase;
			buildActionMask = 2147483647;
			files = (
			);
			runOnlyForDeploymentPostprocessing = 0;
		};
/* End PBXFrameworksBuildPhase section */

/* Begin PBXGroup section */
		B82FB97F2072D8130072054D = {
			isa = PBXGroup;
			children = (
				B82FB98A2072D8130072054D /* TablasBill */,
				B82FB9892072D8130072054D /* Products */,
			);
			sourceTree = "<group>";
		};
		B82FB9892072D8130072054D /* Products */ = {
			isa = PBXGroup;
			children = (
				B82FB9882072D8130072054D /* TablasBill.app */,
			);
			name = Products;
			sourceTree = "<group>";
		};
		B82FB98A2072D8130072054D /* TablasBill */ = {
			isa = PBXGroup;
			children = (
				B82FB98B2072D8130072054D /* AppDelegate.swift */,
				B82FB98D2072D8130072054D /* ViewController.swift */,
				B82FB98F2072D8130072054D /* Main.storyboard */,
				B82FB9922072D8130072054D /* Assets.xcassets */,
				B82FB9942072D8130072054D /* LaunchScreen.storyboard */,
				B82FB9972072D8130072054D /* Info.plist */,
				B82FB99D2072DBCE0072054D /* ViewController2.swift */,
			);
			path = TablasBill;
			sourceTree = "<group>";
		};
/* End PBXGroup section */

/* Begin PBXNativeTarget section */
		B82FB9872072D8130072054D /* TablasBill */ = {
			isa = PBXNativeTarget;
			buildConfigurationList = B82FB99A2072D8130072054D /* Build configuration list for PBXNativeTarget "TablasBill" */;
			buildPhases = (
				B82FB9842072D8130072054D /* Sources */,
				B82FB9852072D8130072054D /* Frameworks */,
				B82FB9862072D8130072054D /* Resources */,
			);
			buildRules = (
			);
			dependencies = (
			);
			name = TablasBill;
			productName = TablasBill;
			productReference = B82FB9882072D8130072054D /* TablasBill.app */;
			productType = "com.apple.product-type.application";
		};
/* End PBXNativeTarget section */

/* Begin PBXProject section */
		B82FB9802072D8130072054D /* Project object */ = {
			isa = PBXProject;
			attributes = {
				LastSwiftUpdateCheck = 0830;
				LastUpgradeCheck = 0830;
				ORGANIZATIONNAME = Tecsup;
				TargetAttributes = {
					B82FB9872072D8130072054D = {
						CreatedOnToolsVersion = 8.3.2;
						ProvisioningStyle = Automatic;
					};
				};
			};
			buildConfigurationList = B82FB9832072D8130072054D /* Build configuration list for PBXProject "TablasBill" */;
			compatibilityVersion = "Xcode 3.2";
			developmentRegion = English;
			hasScannedForEncodings = 0;
			knownRegions = (
				en,
				Base,
			);
			mainGroup = B82FB97F2072D8130072054D;
			productRefGroup = B82FB9892072D8130072054D /* Products */;
			projectDirPath = "";
			projectRoot = "";
			targets = (
				B82FB9872072D8130072054D /* TablasBill */,
			);
		};
/* End PBXProject section */

/* Begin PBXResourcesBuildPhase section */
		B82FB9862072D8130072054D /* Resources */ = {
			isa = PBXResourcesBuildPhase;
			buildActionMask = 2147483647;
			files = (
				B82FB9962072D8130072054D /* LaunchScreen.storyboard in Resources */,
				B82FB9932072D8130072054D /* Assets.xcassets in Resources */,
				B82FB9912072D8130072054D /* Main.storyboard in Resources */,
			);
			runOnlyForDeploymentPostprocessing = 0;
		};
/* End PBXResourcesBuildPhase section */

/* Begin PBXSourcesBuildPhase section */
		B82FB9842072D8130072054D /* Sources */ = {
			isa = PBXSourcesBuildPhase;
			buildActionMask = 2147483647;
			files = (
				B82FB98E2072D8130072054D /* ViewController.swift in Sources */,
				B82FB98C2072D8130072054D /* AppDelegate.swift in Sources */,
				B82FB99E2072DBCE0072054D /* ViewController2.swift in Sources */,
			);
			runOnlyForDeploymentPostprocessing = 0;
		};
/* End PBXSourcesBuildPhase section */

/* Begin PBXVariantGroup section */
		B82FB98F2072D8130072054D /* Main.storyboard */ = {
			isa = PBXVariantGroup;
			children = (
				B82FB9902072D8130072054D /* Base */,
			);
			name = Main.storyboard;
			sourceTree = "<group>";
		};
		B82FB9942072D8130072054D /* LaunchScreen.storyboard */ = {
			isa = PBXVariantGroup;
			children = (
				B82FB9952072D8130072054D /* Base */,
			);
			name = LaunchScreen.storyboard;
			sourceTree = "<group>";
		};
/* End PBXVariantGroup section */

/* Begin XCBuildConfiguration section */
		B82FB9982072D8130072054D /* Debug */ = {
			isa = XCBuildConfiguration;
			buildSettings = {
				ALWAYS_SEARCH_USER_PATHS = NO;
				CLANG_ANALYZER_NONNULL = YES;
				CLANG_ANALYZER_NUMBER_OBJECT_CONVERSION = YES_AGGRESSIVE;
				CLANG_CXX_LANGUAGE_STANDARD = "gnu++0x";
				CLANG_CXX_LIBRARY = "libc++";
				CLANG_ENABLE_MODULES = YES;
				CLANG_ENABLE_OBJC_ARC = YES;
				CLANG_WARN_BOOL_CONVERSION = YES;
				CLANG_WARN_CONSTANT_CONVERSION = YES;
				CLANG_WARN_DIRECT_OBJC_ISA_USAGE = YES_ERROR;
				CLANG_WARN_DOCUMENTATION_COMMENTS = YES;
				CLANG_WARN_EMPTY_BODY = YES;
				CLANG_WARN_ENUM_CONVERSION = YES;
				CLANG_WARN_INFINITE_RECURSION = YES;
				CLANG_WARN_INT_CONVERSION = YES;
				CLANG_WARN_OBJC_ROOT_CLASS = YES_ERROR;
				CLANG_WARN_SUSPICIOUS_MOVE = YES;
				CLANG_WARN_UNREACHABLE_CODE = YES;
				CLANG_WARN__DUPLICATE_METHOD_MATCH = YES;
				"CODE_SIGN_IDENTITY[sdk=iphoneos*]" = "iPhone Developer";
				COPY_PHASE_STRIP = NO;
				DEBUG_INFORMATION_FORMAT = dwarf;
				ENABLE_STRICT_OBJC_MSGSEND = YES;
				ENABLE_TESTABILITY = YES;
				GCC_C_LANGUAGE_STANDARD = gnu99;
				GCC_DYNAMIC_NO_PIC = NO;
				GCC_NO_COMMON_BLOCKS = YES;
				GCC_OPTIMIZATION_LEVEL = 0;
				GCC_PREPROCESSOR_DEFINITIONS = (
					"DEBUG=1",
					"$(inherited)",
				);
				GCC_WARN_64_TO_32_BIT_CONVERSION = YES;
				GCC_WARN_ABOUT_RETURN_TYPE = YES_ERROR;
				GCC_WARN_UNDECLARED_SELECTOR = YES;
				GCC_WARN_UNINITIALIZED_AUTOS = YES_AGGRESSIVE;
				GCC_WARN_UNUSED_FUNCTION = YES;
				GCC_WARN_UNUSED_VARIABLE = YES;
				IPHONEOS_DEPLOYMENT_TARGET = 10.3;
				MTL_ENABLE_DEBUG_INFO = YES;
				ONLY_ACTIVE_ARCH = YES;
				SDKROOT = iphoneos;
				SWIFT_ACTIVE_COMPILATION_CONDITIONS = DEBUG;
				SWIFT_OPTIMIZATION_LEVEL = "-Onone";
			};
			name = Debug;
		};
		B82FB9992072D8130072054D /* Release */ = {
			isa = XCBuildConfiguration;
			buildSettings = {
				ALWAYS_SEARCH_USER_PATHS = NO;
				CLANG_ANALYZER_NONNULL = YES;
				CLANG_ANALYZER_NUMBER_OBJECT_CONVERSION = YES_AGGRESSIVE;
				CLANG_CXX_LANGUAGE_STANDARD = "gnu++0x";
				CLANG_CXX_LIBRARY = "libc++";
				CLANG_ENABLE_MODULES = YES;
				CLANG_ENABLE_OBJC_ARC = YES;
				CLANG_WARN_BOOL_CONVERSION = YES;
				CLANG_WARN_CONSTANT_CONVERSION = YES;
				CLANG_WARN_DIRECT_OBJC_ISA_USAGE = YES_ERROR;
				CLANG_WARN_DOCUMENTATION_COMMENTS = YES;
				CLANG_WARN_EMPTY_BODY = YES;
				CLANG_WARN_ENUM_CONVERSION = YES;
				CLANG_WARN_INFINITE_RECURSION = YES;
				CLANG_WARN_INT_CONVERSION = YES;
				CLANG_WARN_OBJC_ROOT_CLASS = YES_ERROR;
				CLANG_WARN_SUSPICIOUS_MOVE = YES;
				CLANG_WARN_UNREACHABLE_CODE = YES;
				CLANG_WARN__DUPLICATE_METHOD_MATCH = YES;
				"CODE_SIGN_IDENTITY[sdk=iphoneos*]" = "iPhone Developer";
				COPY_PHASE_STRIP = NO;
				DEBUG_INFORMATION_FORMAT = "dwarf-with-dsym";
				ENABLE_NS_ASSERTIONS = NO;
				ENABLE_STRICT_OBJC_MSGSEND = YES;
				GCC_C_LANGUAGE_STANDARD = gnu99;
				GCC_NO_COMMON_BLOCKS = YES;
				GCC_WARN_64_TO_32_BIT_CONVERSION = YES;
				GCC_WARN_ABOUT_RETURN_TYPE = YES_ERROR;
				GCC_WARN_UNDECLARED_SELECTOR = YES;
				GCC_WARN_UNINITIALIZED_AUTOS = YES_AGGRESSIVE;
				GCC_WARN_UNUSED_FUNCTION = YES;
				GCC_WARN_UNUSED_VARIABLE = YES;
				IPHONEOS_DEPLOYMENT_TARGET = 10.3;
				MTL_ENABLE_DEBUG_INFO = NO;
				SDKROOT = iphoneos;
				SWIFT_OPTIMIZATION_LEVEL = "-Owholemodule";
				VALIDATE_PRODUCT = YES;
			};
			name = Release;
		};
		B82FB99B2072D8130072054D /* Debug */ = {
			isa = XCBuildConfiguration;
			buildSettings = {
				ASSETCATALOG_COMPILER_APPICON_NAME = AppIcon;
				INFOPLIST_FILE = TablasBill/Info.plist;
				LD_RUNPATH_SEARCH_PATHS = "$(inherited) @executable_path/Frameworks";
				PRODUCT_BUNDLE_IDENTIFIER = com.tecsup.TablasBill;
				PRODUCT_NAME = "$(TARGET_NAME)";
				SWIFT_VERSION = 3.0;
			};
			name = Debug;
		};
		B82FB99C2072D8130072054D /* Release */ = {
			isa = XCBuildConfiguration;
			buildSettings = {
				ASSETCATALOG_COMPILER_APPICON_NAME = AppIcon;
				INFOPLIST_FILE = TablasBill/Info.plist;
				LD_RUNPATH_SEARCH_PATHS = "$(inherited) @executable_path/Frameworks";
				PRODUCT_BUNDLE_IDENTIFIER = com.tecsup.TablasBill;
				PRODUCT_NAME = "$(TARGET_NAME)";
				SWIFT_VERSION = 3.0;
			};
			name = Release;
		};
/* End XCBuildConfiguration section */

/* Begin XCConfigurationList section */
		B82FB9832072D8130072054D /* Build configuration list for PBXProject "TablasBill" */ = {
			isa = XCConfigurationList;
			buildConfigurations = (
				B82FB9982072D8130072054D /* Debug */,
				B82FB9992072D8130072054D /* Release */,
			);
			defaultConfigurationIsVisible = 0;
			defaultConfigurationName = Release;
		};
		B82FB99A2072D8130072054D /* Build configuration list for PBXNativeTarget "TablasBill" */ = {
			isa = XCConfigurationList;
			buildConfigurations = (
				B82FB99B2072D8130072054D /* Debug */,
				B82FB99C2072D8130072054D /* Release */,
			);
			defaultConfigurationIsVisible = 0;
		};
/* End XCConfigurationList section */
	};
	rootObject = B82FB9802072D8130072054D /* Project object */;
}
